
Microsoft Visual Studio Solution File, Format Version 12.00
# Visual Studio Version 16
VisualStudioVersion = 16.0.30225.117
MinimumVisualStudioVersion = 10.0.40219.1
Project("{FAE04EC0-301F-11D3-BF4B-00C04F79EFBC}") = "MoneyMaker", "MoneyMaker\MoneyMaker.csproj", "{D2DD7CC6-D330-4DB1-AFB7-669AADE47495}"
EndProject
Global
	GlobalSection(SolutionConfigurationPlatforms) = preSolution
		Debug|Any CPU = Debug|Any CPU
		Release|Any CPU = Release|Any CPU
	EndGlobalSection
	GlobalSection(ProjectConfigurationPlatforms) = postSolution
		{D2DD7CC6-D330-4DB1-AFB7-669AADE47495}.Debug|Any CPU.ActiveCfg = Debug|Any CPU
		{D2DD7CC6-D330-4DB1-AFB7-669AADE47495}.Debug|Any CPU.Build.0 = Debug|Any CPU
		{D2DD7CC6-D330-4DB1-AFB7-669AADE47495}.Release|Any CPU.ActiveCfg = Release|Any CPU
		{D2DD7CC6-D330-4DB1-AFB7-669AADE47495}.Release|Any CPU.Build.0 = Release|Any CPU
	EndGlobalSection
	GlobalSection(SolutionProperties) = preSolution
		HideSolutionNode = FALSE
	EndGlobalSection
	GlobalSection(ExtensibilityGlobals) = postSolution
		SolutionGuid = {B4D8F2C4-29EA-4D93-841B-22445663CB98}
	EndGlobalSection
EndGlobal
